
Microsoft Visual Studio Solution File, Format Version 12.00
# Visual Studio Version 17
VisualStudioVersion = 17.5.33424.131
MinimumVisualStudioVersion = 10.0.40219.1
Project("{9A19103F-16F7-4668-BE54-9A1E7A4F7556}") = "ComfyCatalogAPI", "ComfyCatalogAPI\ComfyCatalogAPI.csproj", "{F75A8D47-995A-4815-A251-3D58BEE14020}"
	ProjectSection(ProjectDependencies) = postProject
		{75AA1F01-4C2B-45CD-B3D1-DE93A3ABDCCF} = {75AA1F01-4C2B-45CD-B3D1-DE93A3ABDCCF}
		{99C9370E-E57B-4E26-B22D-964B4158BFBC} = {99C9370E-E57B-4E26-B22D-964B4158BFBC}
		{BE34F261-4916-46FC-895F-4CB660F56D64} = {BE34F261-4916-46FC-895F-4CB660F56D64}
	EndProjectSection
EndProject
Project("{FAE04EC0-301F-11D3-BF4B-00C04F79EFBC}") = "ComfyCatalogDAL", "ComfyCatalogDAL\ComfyCatalogDAL.csproj", "{99C9370E-E57B-4E26-B22D-964B4158BFBC}"
EndProject
Project("{FAE04EC0-301F-11D3-BF4B-00C04F79EFBC}") = "ComfyCatalogBOL", "ComfyCatalogBOL\ComfyCatalogBOL.csproj", "{75AA1F01-4C2B-45CD-B3D1-DE93A3ABDCCF}"
EndProject
Project("{FAE04EC0-301F-11D3-BF4B-00C04F79EFBC}") = "ComfyCatalogDLL", "ComfyCatalogDLL\ComfyCatalogDLL.csproj", "{BE34F261-4916-46FC-895F-4CB660F56D64}"
EndProject
Global
	GlobalSection(SolutionConfigurationPlatforms) = preSolution
		Debug|Any CPU = Debug|Any CPU
		Release|Any CPU = Release|Any CPU
	EndGlobalSection
	GlobalSection(ProjectConfigurationPlatforms) = postSolution
		{F75A8D47-995A-4815-A251-3D58BEE14020}.Debug|Any CPU.ActiveCfg = Debug|Any CPU
		{F75A8D47-995A-4815-A251-3D58BEE14020}.Debug|Any CPU.Build.0 = Debug|Any CPU
		{F75A8D47-995A-4815-A251-3D58BEE14020}.Release|Any CPU.ActiveCfg = Release|Any CPU
		{F75A8D47-995A-4815-A251-3D58BEE14020}.Release|Any CPU.Build.0 = Release|Any CPU
		{99C9370E-E57B-4E26-B22D-964B4158BFBC}.Debug|Any CPU.ActiveCfg = Debug|Any CPU
		{99C9370E-E57B-4E26-B22D-964B4158BFBC}.Debug|Any CPU.Build.0 = Debug|Any CPU
		{99C9370E-E57B-4E26-B22D-964B4158BFBC}.Release|Any CPU.ActiveCfg = Release|Any CPU
		{99C9370E-E57B-4E26-B22D-964B4158BFBC}.Release|Any CPU.Build.0 = Release|Any CPU
		{75AA1F01-4C2B-45CD-B3D1-DE93A3ABDCCF}.Debug|Any CPU.ActiveCfg = Debug|Any CPU
		{75AA1F01-4C2B-45CD-B3D1-DE93A3ABDCCF}.Debug|Any CPU.Build.0 = Debug|Any CPU
		{75AA1F01-4C2B-45CD-B3D1-DE93A3ABDCCF}.Release|Any CPU.ActiveCfg = Release|Any CPU
		{75AA1F01-4C2B-45CD-B3D1-DE93A3ABDCCF}.Release|Any CPU.Build.0 = Release|Any CPU
		{BE34F261-4916-46FC-895F-4CB660F56D64}.Debug|Any CPU.ActiveCfg = Debug|Any CPU
		{BE34F261-4916-46FC-895F-4CB660F56D64}.Debug|Any CPU.Build.0 = Debug|Any CPU
		{BE34F261-4916-46FC-895F-4CB660F56D64}.Release|Any CPU.ActiveCfg = Release|Any CPU
		{BE34F261-4916-46FC-895F-4CB660F56D64}.Release|Any CPU.Build.0 = Release|Any CPU
	EndGlobalSection
	GlobalSection(SolutionProperties) = preSolution
		HideSolutionNode = FALSE
	EndGlobalSection
	GlobalSection(ExtensibilityGlobals) = postSolution
		SolutionGuid = {34E51AF7-C694-4018-8F27-EB276BDB9F5B}
	EndGlobalSection
EndGlobal
